{
  "name": "file-merge",
  "version": "1.0.0",
  "lockfileVersion": 1,
  "requires": true,
  "dependencies": {
    "@inquirer/checkbox": {
      "version": "2.3.8",
      "resolved": "https://registry.npmmirror.com/@inquirer/checkbox/-/checkbox-2.3.8.tgz",
      "integrity": "sha512-r6q3ViCa80EjBBCduaaiAlNwYtVX3MfFSqwvLOvBBVzGRve7jgghXnP8o+iAcTA564YGRyXDpcAKTIRRZj9m8g==",
      "requires": {
        "@inquirer/core": "^9.0.0",
        "@inquirer/figures": "^1.0.3",
        "@inquirer/type": "^1.4.0",
        "ansi-escapes": "^4.3.2",
        "yoctocolors-cjs": "^2.1.1"
      }
    },
    "@inquirer/confirm": {
      "version": "3.1.12",
      "resolved": "https://registry.npmmirror.com/@inquirer/confirm/-/confirm-3.1.12.tgz",
      "integrity": "sha512-s5Sod79QsBBi5Qm7zxCq9DcAD0i7WRcjd/LzsiIAWqWZKW4+OJTGrCgVSLGIHTulwbZgdxM4AAxpCXe86hv4/Q==",
      "requires": {
        "@inquirer/core": "^9.0.0",
        "@inquirer/type": "^1.4.0"
      }
    },
    "@inquirer/core": {
      "version": "9.0.0",
      "resolved": "https://registry.npmmirror.com/@inquirer/core/-/core-9.0.0.tgz",
      "integrity": "sha512-y3q+fkCTGmvwk9Wf6yZlI3QGlLXbEm5M7Y7Eh8abaUbv+ffvmw2aB4FxSUrWaoaozwvEJSG60raHbCaUorXEzA==",
      "requires": {
        "@inquirer/figures": "^1.0.3",
        "@inquirer/type": "^1.4.0",
        "@types/mute-stream": "^0.0.4",
        "@types/node": "^20.14.9",
        "@types/wrap-ansi": "^3.0.0",
        "ansi-escapes": "^4.3.2",
        "cli-spinners": "^2.9.2",
        "cli-width": "^4.1.0",
        "mute-stream": "^1.0.0",
        "signal-exit": "^4.1.0",
        "strip-ansi": "^6.0.1",
        "wrap-ansi": "^6.2.0",
        "yoctocolors-cjs": "^2.1.1"
      }
    },
    "@inquirer/editor": {
      "version": "2.1.12",
      "resolved": "https://registry.npmmirror.com/@inquirer/editor/-/editor-2.1.12.tgz",
      "integrity": "sha512-rKd/mOkLlqVqQqQihgD6KM8FqRYRcgF1Y0oiYI8BYUk/KJOit7noWxsydJFQoHfrSU6mrpDtc6a+6wcVYH/V6A==",
      "requires": {
        "@inquirer/core": "^9.0.0",
        "@inquirer/type": "^1.4.0",
        "external-editor": "^3.1.0"
      }
    },
    "@inquirer/expand": {
      "version": "2.1.12",
      "resolved": "https://registry.npmmirror.com/@inquirer/expand/-/expand-2.1.12.tgz",
      "integrity": "sha512-Q3pG0TD0Ra4hhlKcgXEJf8FACp70F2mW6NXXIbsIEDLKDdiihlAc4Y98RnsME9b0zwqbBMYlUrGJ/bYgXt3cIw==",
      "requires": {
        "@inquirer/core": "^9.0.0",
        "@inquirer/type": "^1.4.0",
        "yoctocolors-cjs": "^2.1.1"
      }
    },
    "@inquirer/figures": {
      "version": "1.0.3",
      "resolved": "https://registry.npmmirror.com/@inquirer/figures/-/figures-1.0.3.tgz",
      "integrity": "sha512-ErXXzENMH5pJt5/ssXV0DfWUZqly8nGzf0UcBV9xTnP+KyffE2mqyxIMBrZ8ijQck2nU0TQm40EQB53YreyWHw=="
    },
    "@inquirer/input": {
      "version": "2.1.12",
      "resolved": "https://registry.npmmirror.com/@inquirer/input/-/input-2.1.12.tgz",
      "integrity": "sha512-buCMz8eVevE+TGEriC4hG6w1jaf4jDHUb7qcIVAgUG8BydtHw8YRkgwtcbxVaKBd9CvMLzF607fyZnMtEteDPg==",
      "requires": {
        "@inquirer/core": "^9.0.0",
        "@inquirer/type": "^1.4.0"
      }
    },
    "@inquirer/number": {
      "version": "1.0.0",
      "resolved": "https://registry.npmmirror.com/@inquirer/number/-/number-1.0.0.tgz",
      "integrity": "sha512-CFQVgqXDi5Yd+BZMLPZN8wO85t0THoK1eDLlBY1wkRuUdxb87Umz4BkVcK9LVM9rTa9bzUSVgJ91waeo6ACp3Q==",
      "requires": {
        "@inquirer/core": "^9.0.0",
        "@inquirer/type": "^1.4.0"
      }
    },
    "@inquirer/password": {
      "version": "2.1.12",
      "resolved": "https://registry.npmmirror.com/@inquirer/password/-/password-2.1.12.tgz",
      "integrity": "sha512-nXGVXOlEAqDXqggy5Vk1eQuSya7HOffQTFzBpCUg9PT5vhIsgApRp6jRqAn7creWkkn9on+mZfezGLVolCOerw==",
      "requires": {
        "@inquirer/core": "^9.0.0",
        "@inquirer/type": "^1.4.0",
        "ansi-escapes": "^4.3.2"
      }
    },
    "@inquirer/prompts": {
      "version": "5.1.0",
      "resolved": "https://registry.npmmirror.com/@inquirer/prompts/-/prompts-5.1.0.tgz",
      "integrity": "sha512-3rEwrBnGT9opMCiA3Lij98kH5E+JuXAVLYKlXnlK1qIWDvx7tIfypF+z1oK6m61HZ5NHGPF3HtjhVga80DR1PA==",
      "requires": {
        "@inquirer/checkbox": "^2.3.8",
        "@inquirer/confirm": "^3.1.12",
        "@inquirer/editor": "^2.1.12",
        "@inquirer/expand": "^2.1.12",
        "@inquirer/input": "^2.1.12",
        "@inquirer/number": "^1.0.0",
        "@inquirer/password": "^2.1.12",
        "@inquirer/rawlist": "^2.1.12",
        "@inquirer/select": "^2.3.8"
      }
    },
    "@inquirer/rawlist": {
      "version": "2.1.12",
      "resolved": "https://registry.npmmirror.com/@inquirer/rawlist/-/rawlist-2.1.12.tgz",
      "integrity": "sha512-avwuYZp4R69BtDTpb93hAR+Zk5QKBhZYEf59IhVlW6oYTAztA80vW5m9heh+D4tv58Xy41qbVKbCF7tVl/WNpA==",
      "requires": {
        "@inquirer/core": "^9.0.0",
        "@inquirer/type": "^1.4.0",
        "yoctocolors-cjs": "^2.1.1"
      }
    },
    "@inquirer/select": {
      "version": "2.3.8",
      "resolved": "https://registry.npmmirror.com/@inquirer/select/-/select-2.3.8.tgz",
      "integrity": "sha512-x4gJq9OVw8i0K03V3tJwTt2svz4J7ghqEhXaFBprRTnmbYJwQZRnnLf3PFBg+fWOti7b7fD0Oc4SLXqGeQLByg==",
      "requires": {
        "@inquirer/core": "^9.0.0",
        "@inquirer/figures": "^1.0.3",
        "@inquirer/type": "^1.4.0",
        "ansi-escapes": "^4.3.2",
        "yoctocolors-cjs": "^2.1.1"
      }
    },
    "@inquirer/type": {
      "version": "1.4.0",
      "resolved": "https://registry.npmmirror.com/@inquirer/type/-/type-1.4.0.tgz",
      "integrity": "sha512-AjOqykVyjdJQvtfkNDGUyMYGF8xN50VUxftCQWsOyIo4DFRLr6VQhW0VItGI1JIyQGCGgIpKa7hMMwNhZb4OIw==",
      "requires": {
        "mute-stream": "^1.0.0"
      }
    },
    "@pdf-lib/standard-fonts": {
      "version": "1.0.0",
      "resolved": "https://registry.npmmirror.com/@pdf-lib/standard-fonts/-/standard-fonts-1.0.0.tgz",
      "integrity": "sha512-hU30BK9IUN/su0Mn9VdlVKsWBS6GyhVfqjwl1FjZN4TxP6cCw0jP2w7V3Hf5uX7M0AZJ16vey9yE0ny7Sa59ZA==",
      "requires": {
        "pako": "^1.0.6"
      }
    },
    "@pdf-lib/upng": {
      "version": "1.0.1",
      "resolved": "https://registry.npmmirror.com/@pdf-lib/upng/-/upng-1.0.1.tgz",
      "integrity": "sha512-dQK2FUMQtowVP00mtIksrlZhdFXQZPC+taih1q4CvPZ5vqdxR/LKBaFg0oAfzd1GlHZXXSPdQfzQnt+ViGvEIQ==",
      "requires": {
        "pako": "^1.0.10"
      }
    },
    "@types/mute-stream": {
      "version": "0.0.4",
      "resolved": "https://registry.npmmirror.com/@types/mute-stream/-/mute-stream-0.0.4.tgz",
      "integrity": "sha512-CPM9nzrCPPJHQNA9keH9CVkVI+WR5kMa+7XEs5jcGQ0VoAGnLv242w8lIVgwAEfmE4oufJRaTc9PNLQl0ioAow==",
      "requires": {
        "@types/node": "*"
      }
    },
    "@types/node": {
      "version": "20.14.9",
      "resolved": "https://registry.npmmirror.com/@types/node/-/node-20.14.9.tgz",
      "integrity": "sha512-06OCtnTXtWOZBJlRApleWndH4JsRVs1pDCc8dLSQp+7PpUpX3ePdHyeNSFTeSe7FtKyQkrlPvHwJOW3SLd8Oyg==",
      "requires": {
        "undici-types": "~5.26.4"
      }
    },
    "@types/wrap-ansi": {
      "version": "3.0.0",
      "resolved": "https://registry.npmmirror.com/@types/wrap-ansi/-/wrap-ansi-3.0.0.tgz",
      "integrity": "sha512-ltIpx+kM7g/MLRZfkbL7EsCEjfzCcScLpkg37eXEtx5kmrAKBkTJwd1GIAjDSL8wTpM6Hzn5YO4pSb91BEwu1g=="
    },
    "ansi-escapes": {
      "version": "4.3.2",
      "resolved": "https://registry.npmmirror.com/ansi-escapes/-/ansi-escapes-4.3.2.tgz",
      "integrity": "sha512-gKXj5ALrKWQLsYG9jlTRmR/xKluxHV+Z9QEwNIgCfM1/uwPMCuzVVnh5mwTd+OuBZcwSIMbqssNWRm1lE51QaQ==",
      "requires": {
        "type-fest": "^0.21.3"
      }
    },
    "ansi-regex": {
      "version": "5.0.1",
      "resolved": "https://registry.npmmirror.com/ansi-regex/-/ansi-regex-5.0.1.tgz",
      "integrity": "sha512-quJQXlTSUGL2LH9SUXo8VwsY4soanhgo6LNSm84E1LBcE8s3O0wpdiRzyR9z/ZZJMlMWv37qOOb9pdJlMUEKFQ=="
    },
    "ansi-styles": {
      "version": "4.3.0",
      "resolved": "https://registry.npmmirror.com/ansi-styles/-/ansi-styles-4.3.0.tgz",
      "integrity": "sha512-zbB9rCJAT1rbjiVDb2hqKFHNYLxgtk8NURxZ3IZwD3F6NtxbXZQCnnSi1Lkx+IDohdPlFp222wVALIheZJQSEg==",
      "requires": {
        "color-convert": "^2.0.1"
      }
    },
    "async": {
      "version": "1.5.2",
      "resolved": "https://registry.npmmirror.com/async/-/async-1.5.2.tgz",
      "integrity": "sha512-nSVgobk4rv61R9PUSDtYt7mPVB2olxNR5RWJcAsH676/ef11bUZwvu7+RGYrYauVdDPcO519v68wRhXQtxsV9w=="
    },
    "chardet": {
      "version": "0.7.0",
      "resolved": "https://registry.npmmirror.com/chardet/-/chardet-0.7.0.tgz",
      "integrity": "sha512-mT8iDcrh03qDGRRmoA2hmBJnxpllMR+0/0qlzjqZES6NdiWDcZkCNAk4rPFZ9Q85r27unkiNNg8ZOiwZXBHwcA=="
    },
    "cli-spinners": {
      "version": "2.9.2",
      "resolved": "https://registry.npmmirror.com/cli-spinners/-/cli-spinners-2.9.2.tgz",
      "integrity": "sha512-ywqV+5MmyL4E7ybXgKys4DugZbX0FC6LnwrhjuykIjnK9k8OQacQ7axGKnjDXWNhns0xot3bZI5h55H8yo9cJg=="
    },
    "cli-width": {
      "version": "4.1.0",
      "resolved": "https://registry.npmmirror.com/cli-width/-/cli-width-4.1.0.tgz",
      "integrity": "sha512-ouuZd4/dm2Sw5Gmqy6bGyNNNe1qt9RpmxveLSO7KcgsTnU7RXfsw+/bukWGo1abgBiMAic068rclZsO4IWmmxQ=="
    },
    "color-convert": {
      "version": "2.0.1",
      "resolved": "https://registry.npmmirror.com/color-convert/-/color-convert-2.0.1.tgz",
      "integrity": "sha512-RRECPsj7iu/xb5oKYcsFHSppFNnsj/52OVTRKb4zP5onXwVF3zVmmToNcOfGC+CRDpfK/U584fMg38ZHCaElKQ==",
      "requires": {
        "color-name": "~1.1.4"
      }
    },
    "color-name": {
      "version": "1.1.4",
      "resolved": "https://registry.npmmirror.com/color-name/-/color-name-1.1.4.tgz",
      "integrity": "sha512-dOy+3AuW3a2wNbZHIuMZpTcgjGuLU/uBL/ubcZF9OXbDo8ff4O8yVp5Bf0efS8uEoYo5q4Fx7dY9OgQGXgAsQA=="
    },
    "emoji-regex": {
      "version": "8.0.0",
      "resolved": "https://registry.npmmirror.com/emoji-regex/-/emoji-regex-8.0.0.tgz",
      "integrity": "sha512-MSjYzcWNOA0ewAHpz0MxpYFvwg6yjy1NG3xteoqz644VCo/RPgnr1/GGt+ic3iJTzQ8Eu3TdM14SawnVUmGE6A=="
    },
    "external-editor": {
      "version": "3.1.0",
      "resolved": "https://registry.npmmirror.com/external-editor/-/external-editor-3.1.0.tgz",
      "integrity": "sha512-hMQ4CX1p1izmuLYyZqLMO/qGNw10wSv9QDCPfzXfyFrOaCSSoRfqE1Kf1s5an66J5JZC62NewG+mK49jOCtQew==",
      "requires": {
        "chardet": "^0.7.0",
        "iconv-lite": "^0.4.24",
        "tmp": "^0.0.33"
      },
      "dependencies": {
        "tmp": {
          "version": "0.0.33",
          "resolved": "https://registry.npmmirror.com/tmp/-/tmp-0.0.33.tgz",
          "integrity": "sha512-jRCJlojKnZ3addtTOjdIqoRuPEKBvNXcGYqzO6zWZX8KfKEpnGY5jfggJQ3EjKuu8D4bJRr0y+cYJFmYbImXGw==",
          "requires": {
            "os-tmpdir": "~1.0.2"
          }
        }
      }
    },
    "iconv-lite": {
      "version": "0.4.24",
      "resolved": "https://registry.npmmirror.com/iconv-lite/-/iconv-lite-0.4.24.tgz",
      "integrity": "sha512-v3MXnZAcvnywkTUEZomIActle7RXXeedOR31wwl7VlyoXO4Qi9arvSenNQWne1TcRwhCL1HwLI21bEqdpj8/rA==",
      "requires": {
        "safer-buffer": ">= 2.1.2 < 3"
      }
    },
    "is-fullwidth-code-point": {
      "version": "3.0.0",
      "resolved": "https://registry.npmmirror.com/is-fullwidth-code-point/-/is-fullwidth-code-point-3.0.0.tgz",
      "integrity": "sha512-zymm5+u+sCsSWyD9qNaejV3DFvhCKclKdizYaJUuHA83RLjb7nSuGnddCHGv0hk+KY7BMAlsWeK4Ueg6EV6XQg=="
    },
    "mute-stream": {
      "version": "1.0.0",
      "resolved": "https://registry.npmmirror.com/mute-stream/-/mute-stream-1.0.0.tgz",
      "integrity": "sha512-avsJQhyd+680gKXyG/sQc0nXaC6rBkPOfyHYcFb9+hdkqQkR9bdnkJ0AMZhke0oesPqIO+mFFJ+IdBc7mst4IA=="
    },
    "os-tmpdir": {
      "version": "1.0.2",
      "resolved": "https://registry.npmmirror.com/os-tmpdir/-/os-tmpdir-1.0.2.tgz",
      "integrity": "sha512-D2FR03Vir7FIu45XBY20mTb+/ZSWB00sjU9jdQXt83gDrI4Ztz5Fs7/yy74g2N5SVQY4xY1qDr4rNddwYRVX0g=="
    },
    "pako": {
      "version": "1.0.11",
      "resolved": "https://registry.npmmirror.com/pako/-/pako-1.0.11.tgz",
      "integrity": "sha512-4hLB8Py4zZce5s4yd9XzopqwVv/yGNhV1Bl8NTmCq1763HeK2+EwVTv+leGeL13Dnh2wfbqowVPXCIO0z4taYw=="
    },
    "pdf-lib": {
      "version": "1.17.1",
      "resolved": "https://registry.npmmirror.com/pdf-lib/-/pdf-lib-1.17.1.tgz",
      "integrity": "sha512-V/mpyJAoTsN4cnP31vc0wfNA1+p20evqqnap0KLoRUN0Yk/p3wN52DOEsL4oBFcLdb76hlpKPtzJIgo67j/XLw==",
      "requires": {
        "@pdf-lib/standard-fonts": "^1.0.0",
        "@pdf-lib/upng": "^1.0.1",
        "pako": "^1.0.11",
        "tslib": "^1.11.1"
      }
    },
    "pdf-merge": {
      "version": "0.1.1",
      "resolved": "https://registry.npmmirror.com/pdf-merge/-/pdf-merge-0.1.1.tgz",
      "integrity": "sha512-l8rOJ6tSKRgNFJbf2y2mxSPJipAj+niPHV8XzPe5xxfuB9MFpL0o6b57korcft+dMcCmuqdiT3YMT4LG3Badzg==",
      "requires": {
        "async": "^1.2.0",
        "q": "^1.4.1",
        "shell-escape": "^0.2.0",
        "tmp": "0.0.26",
        "underscore": "^1.8.3"
      }
    },
    "q": {
      "version": "1.5.1",
      "resolved": "https://registry.npmmirror.com/q/-/q-1.5.1.tgz",
      "integrity": "sha512-kV/CThkXo6xyFEZUugw/+pIOywXcDbFYgSct5cT3gqlbkBE1SJdwy6UQoZvodiWF/ckQLZyDE/Bu1M6gVu5lVw=="
    },
    "safer-buffer": {
      "version": "2.1.2",
      "resolved": "https://registry.npmmirror.com/safer-buffer/-/safer-buffer-2.1.2.tgz",
      "integrity": "sha512-YZo3K82SD7Riyi0E1EQPojLz7kpepnSQI9IyPbHHg1XXXevb5dJI7tpyN2ADxGcQbHG7vcyRHk0cbwqcQriUtg=="
    },
    "shell-escape": {
      "version": "0.2.0",
      "resolved": "https://registry.npmmirror.com/shell-escape/-/shell-escape-0.2.0.tgz",
      "integrity": "sha512-uRRBT2MfEOyxuECseCZd28jC1AJ8hmqqneWQ4VWUTgCAFvb3wKU1jLqj6egC4Exrr88ogg3dp+zroH4wJuaXzw=="
    },
    "signal-exit": {
      "version": "4.1.0",
      "resolved": "https://registry.npmmirror.com/signal-exit/-/signal-exit-4.1.0.tgz",
      "integrity": "sha512-bzyZ1e88w9O1iNJbKnOlvYTrWPDl46O1bG0D3XInv+9tkPrxrN8jUUTiFlDkkmKWgn1M6CfIA13SuGqOa9Korw=="
    },
    "string-width": {
      "version": "4.2.3",
      "resolved": "https://registry.npmmirror.com/string-width/-/string-width-4.2.3.tgz",
      "integrity": "sha512-wKyQRQpjJ0sIp62ErSZdGsjMJWsap5oRNihHhu6G7JVO/9jIB6UyevL+tXuOqrng8j/cxKTWyWUwvSTriiZz/g==",
      "requires": {
        "emoji-regex": "^8.0.0",
        "is-fullwidth-code-point": "^3.0.0",
        "strip-ansi": "^6.0.1"
      }
    },
    "strip-ansi": {
      "version": "6.0.1",
      "resolved": "https://registry.npmmirror.com/strip-ansi/-/strip-ansi-6.0.1.tgz",
      "integrity": "sha512-Y38VPSHcqkFrCpFnQ9vuSXmquuv5oXOKpGeT6aGrr3o3Gc9AlVa6JBfUSOCnbxGGZF+/0ooI7KrPuUSztUdU5A==",
      "requires": {
        "ansi-regex": "^5.0.1"
      }
    },
    "tmp": {
      "version": "0.0.26",
      "resolved": "https://registry.npmmirror.com/tmp/-/tmp-0.0.26.tgz",
      "integrity": "sha512-XYEM7aFncfdEdU4/3jUG2edvFAryxtKbahJXTv8WK34MoOmexbbyNyneT3nY8yPVD3h0J1b5fL6kqlDoyuebQQ==",
      "requires": {
        "os-tmpdir": "~1.0.0"
      }
    },
    "tslib": {
      "version": "1.14.1",
      "resolved": "https://registry.npmmirror.com/tslib/-/tslib-1.14.1.tgz",
      "integrity": "sha512-Xni35NKzjgMrwevysHTCArtLDpPvye8zV/0E4EyYn43P7/7qvQwPh9BGkHewbMulVntbigmcT7rdX3BNo9wRJg=="
    },
    "type-fest": {
      "version": "0.21.3",
      "resolved": "https://registry.npmmirror.com/type-fest/-/type-fest-0.21.3.tgz",
      "integrity": "sha512-t0rzBq87m3fVcduHDUFhKmyyX+9eo6WQjZvf51Ea/M0Q7+T374Jp1aUiyUl0GKxp8M/OETVHSDvmkyPgvX+X2w=="
    },
    "underscore": {
      "version": "1.13.6",
      "resolved": "https://registry.npmmirror.com/underscore/-/underscore-1.13.6.tgz",
      "integrity": "sha512-+A5Sja4HP1M08MaXya7p5LvjuM7K6q/2EaC0+iovj/wOcMsTzMvDFbasi/oSapiwOlt252IqsKqPjCl7huKS0A=="
    },
    "undici-types": {
      "version": "5.26.5",
      "resolved": "https://registry.npmmirror.com/undici-types/-/undici-types-5.26.5.tgz",
      "integrity": "sha512-JlCMO+ehdEIKqlFxk6IfVoAUVmgz7cU7zD/h9XZ0qzeosSHmUJVOzSQvvYSYWXkFXC+IfLKSIffhv0sVZup6pA=="
    },
    "wrap-ansi": {
      "version": "6.2.0",
      "resolved": "https://registry.npmmirror.com/wrap-ansi/-/wrap-ansi-6.2.0.tgz",
      "integrity": "sha512-r6lPcBGxZXlIcymEu7InxDMhdW0KDxpLgoFLcguasxCaJ/SOIZwINatK9KY/tf+ZrlywOKU0UDj3ATXUBfxJXA==",
      "requires": {
        "ansi-styles": "^4.0.0",
        "string-width": "^4.1.0",
        "strip-ansi": "^6.0.0"
      }
    },
    "yoctocolors-cjs": {
      "version": "2.1.1",
      "resolved": "https://registry.npmmirror.com/yoctocolors-cjs/-/yoctocolors-cjs-2.1.1.tgz",
      "integrity": "sha512-c6T13b6qYcJZvck7QbEFXrFX/Mu2KOjvAGiKHmYMUg96jxNpfP6i+psGW72BOPxOIDUJrORG+Kyu7quMX9CQBQ=="
    }
  }
}
